
Microsoft Visual Studio Solution File, Format Version 12.00
# Visual Studio Version 17
VisualStudioVersion = 17.13.35825.156 d17.13
MinimumVisualStudioVersion = 10.0.40219.1
Project("{FAE04EC0-301F-11D3-BF4B-00C04F79EFBC}") = "DownloadTests", "DownloadTests\DownloadTests.csproj", "{9FD63345-A313-4A84-AC6C-5B8FCB6D423F}"
EndProject
Global
	GlobalSection(SolutionConfigurationPlatforms) = preSolution
		Debug|Any CPU = Debug|Any CPU
		Release|Any CPU = Release|Any CPU
	EndGlobalSection
	GlobalSection(ProjectConfigurationPlatforms) = postSolution
		{9FD63345-A313-4A84-AC6C-5B8FCB6D423F}.Debug|Any CPU.ActiveCfg = Debug|Any CPU
		{9FD63345-A313-4A84-AC6C-5B8FCB6D423F}.Debug|Any CPU.Build.0 = Debug|Any CPU
		{9FD63345-A313-4A84-AC6C-5B8FCB6D423F}.Release|Any CPU.ActiveCfg = Release|Any CPU
		{9FD63345-A313-4A84-AC6C-5B8FCB6D423F}.Release|Any CPU.Build.0 = Release|Any CPU
	EndGlobalSection
	GlobalSection(SolutionProperties) = preSolution
		HideSolutionNode = FALSE
	EndGlobalSection
	GlobalSection(ExtensibilityGlobals) = postSolution
		SolutionGuid = {94E1D17F-3AB1-4699-A86D-F592671F5B77}
	EndGlobalSection
EndGlobal
